
Microsoft Visual Studio Solution File, Format Version 12.00
# Visual Studio Version 16
VisualStudioVersion = 16.0.30711.63
MinimumVisualStudioVersion = 15.0.26124.0
Project("{2150E333-8FDC-42A3-9474-1A3956D46DE8}") = "Solution Items", "Solution Items", "{B175736E-E55B-4A62-A58F-2142DA900B8B}"
	ProjectSection(SolutionItems) = preProject
		cliSettings.json = cliSettings.json
	EndProjectSection
EndProject
Project("{2150E333-8FDC-42A3-9474-1A3956D46DE8}") = "src", "src", "{EB5B648B-AB63-497C-9507-AD1F1D68EC87}"
EndProject
Project("{9A19103F-16F7-4668-BE54-9A1E7A4F7556}") = "EventSourcingDistilled.Core", "src\EventSourcingDistilled.Core\EventSourcingDistilled.Core.csproj", "{43212F29-12A2-4B57-8586-F9DDF0B5F5A1}"
EndProject
Project("{2150E333-8FDC-42A3-9474-1A3956D46DE8}") = "test", "test", "{DAFC80CC-47C6-431F-B8D0-41D138746BDC}"
EndProject
Project("{9A19103F-16F7-4668-BE54-9A1E7A4F7556}") = "EventSourcingDistilled.Core.UnitTests", "test\EventSourcingDistilled.Core.UnitTests\EventSourcingDistilled.Core.UnitTests.csproj", "{8FA18FE4-9EEE-4F5B-9AEC-D2B052251690}"
EndProject
Project("{2150E333-8FDC-42A3-9474-1A3956D46DE8}") = "building-blocks", "building-blocks", "{6D304992-458E-44B1-8400-BB459909041E}"
EndProject
Project("{FAE04EC0-301F-11D3-BF4B-00C04F79EFBC}") = "BuildingBlocks.Domain", "building-blocks\BuildingBlocks.Domain\BuildingBlocks.Domain.csproj", "{1DCA3CA6-602D-43E8-8EBE-FF89A972D60A}"
EndProject
Global
	GlobalSection(SolutionConfigurationPlatforms) = preSolution
		Debug|Any CPU = Debug|Any CPU
		Debug|x64 = Debug|x64
		Debug|x86 = Debug|x86
		Release|Any CPU = Release|Any CPU
		Release|x64 = Release|x64
		Release|x86 = Release|x86
	EndGlobalSection
	GlobalSection(ProjectConfigurationPlatforms) = postSolution
		{43212F29-12A2-4B57-8586-F9DDF0B5F5A1}.Debug|Any CPU.ActiveCfg = Debug|Any CPU
		{43212F29-12A2-4B57-8586-F9DDF0B5F5A1}.Debug|Any CPU.Build.0 = Debug|Any CPU
		{43212F29-12A2-4B57-8586-F9DDF0B5F5A1}.Debug|x64.ActiveCfg = Debug|Any CPU
		{43212F29-12A2-4B57-8586-F9DDF0B5F5A1}.Debug|x64.Build.0 = Debug|Any CPU
		{43212F29-12A2-4B57-8586-F9DDF0B5F5A1}.Debug|x86.ActiveCfg = Debug|Any CPU
		{43212F29-12A2-4B57-8586-F9DDF0B5F5A1}.Debug|x86.Build.0 = Debug|Any CPU
		{43212F29-12A2-4B57-8586-F9DDF0B5F5A1}.Release|Any CPU.ActiveCfg = Release|Any CPU
		{43212F29-12A2-4B57-8586-F9DDF0B5F5A1}.Release|Any CPU.Build.0 = Release|Any CPU
		{43212F29-12A2-4B57-8586-F9DDF0B5F5A1}.Release|x64.ActiveCfg = Release|Any CPU
		{43212F29-12A2-4B57-8586-F9DDF0B5F5A1}.Release|x64.Build.0 = Release|Any CPU
		{43212F29-12A2-4B57-8586-F9DDF0B5F5A1}.Release|x86.ActiveCfg = Release|Any CPU
		{43212F29-12A2-4B57-8586-F9DDF0B5F5A1}.Release|x86.Build.0 = Release|Any CPU
		{8FA18FE4-9EEE-4F5B-9AEC-D2B052251690}.Debug|Any CPU.ActiveCfg = Debug|Any CPU
		{8FA18FE4-9EEE-4F5B-9AEC-D2B052251690}.Debug|Any CPU.Build.0 = Debug|Any CPU
		{8FA18FE4-9EEE-4F5B-9AEC-D2B052251690}.Debug|x64.ActiveCfg = Debug|Any CPU
		{8FA18FE4-9EEE-4F5B-9AEC-D2B052251690}.Debug|x64.Build.0 = Debug|Any CPU
		{8FA18FE4-9EEE-4F5B-9AEC-D2B052251690}.Debug|x86.ActiveCfg = Debug|Any CPU
		{8FA18FE4-9EEE-4F5B-9AEC-D2B052251690}.Debug|x86.Build.0 = Debug|Any CPU
		{8FA18FE4-9EEE-4F5B-9AEC-D2B052251690}.Release|Any CPU.ActiveCfg = Release|Any CPU
		{8FA18FE4-9EEE-4F5B-9AEC-D2B052251690}.Release|Any CPU.Build.0 = Release|Any CPU
		{8FA18FE4-9EEE-4F5B-9AEC-D2B052251690}.Release|x64.ActiveCfg = Release|Any CPU
		{8FA18FE4-9EEE-4F5B-9AEC-D2B052251690}.Release|x64.Build.0 = Release|Any CPU
		{8FA18FE4-9EEE-4F5B-9AEC-D2B052251690}.Release|x86.ActiveCfg = Release|Any CPU
		{8FA18FE4-9EEE-4F5B-9AEC-D2B052251690}.Release|x86.Build.0 = Release|Any CPU
		{1DCA3CA6-602D-43E8-8EBE-FF89A972D60A}.Debug|Any CPU.ActiveCfg = Debug|Any CPU
		{1DCA3CA6-602D-43E8-8EBE-FF89A972D60A}.Debug|Any CPU.Build.0 = Debug|Any CPU
		{1DCA3CA6-602D-43E8-8EBE-FF89A972D60A}.Debug|x64.ActiveCfg = Debug|Any CPU
		{1DCA3CA6-602D-43E8-8EBE-FF89A972D60A}.Debug|x64.Build.0 = Debug|Any CPU
		{1DCA3CA6-602D-43E8-8EBE-FF89A972D60A}.Debug|x86.ActiveCfg = Debug|Any CPU
		{1DCA3CA6-602D-43E8-8EBE-FF89A972D60A}.Debug|x86.Build.0 = Debug|Any CPU
		{1DCA3CA6-602D-43E8-8EBE-FF89A972D60A}.Release|Any CPU.ActiveCfg = Release|Any CPU
		{1DCA3CA6-602D-43E8-8EBE-FF89A972D60A}.Release|Any CPU.Build.0 = Release|Any CPU
		{1DCA3CA6-602D-43E8-8EBE-FF89A972D60A}.Release|x64.ActiveCfg = Release|Any CPU
		{1DCA3CA6-602D-43E8-8EBE-FF89A972D60A}.Release|x64.Build.0 = Release|Any CPU
		{1DCA3CA6-602D-43E8-8EBE-FF89A972D60A}.Release|x86.ActiveCfg = Release|Any CPU
		{1DCA3CA6-602D-43E8-8EBE-FF89A972D60A}.Release|x86.Build.0 = Release|Any CPU
	EndGlobalSection
	GlobalSection(SolutionProperties) = preSolution
		HideSolutionNode = FALSE
	EndGlobalSection
	GlobalSection(NestedProjects) = preSolution
		{43212F29-12A2-4B57-8586-F9DDF0B5F5A1} = {EB5B648B-AB63-497C-9507-AD1F1D68EC87}
		{8FA18FE4-9EEE-4F5B-9AEC-D2B052251690} = {DAFC80CC-47C6-431F-B8D0-41D138746BDC}
		{1DCA3CA6-602D-43E8-8EBE-FF89A972D60A} = {6D304992-458E-44B1-8400-BB459909041E}
	EndGlobalSection
	GlobalSection(ExtensibilityGlobals) = postSolution
		SolutionGuid = {A704C342-5265-46D1-8F08-B1270125ECCA}
	EndGlobalSection
EndGlobal
